
Microsoft Visual Studio Solution File, Format Version 12.00
# Visual Studio Version 17
VisualStudioVersion = 17.7.34031.279
MinimumVisualStudioVersion = 10.0.40219.1
Project("{FAE04EC0-301F-11D3-BF4B-00C04F79EFBC}") = "PassMan.Desktop", "PassMan\PassMan.Desktop.csproj", "{843C1D79-78E3-4401-A9E3-299215CF6235}"
EndProject
Project("{FAE04EC0-301F-11D3-BF4B-00C04F79EFBC}") = "PassMan.Core", "PassMan.Core\PassMan.Core.csproj", "{3B864D62-C8E5-4F41-8C52-43CCACA8E22B}"
EndProject
Global
	GlobalSection(SolutionConfigurationPlatforms) = preSolution
		Debug|Any CPU = Debug|Any CPU
		Release|Any CPU = Release|Any CPU
	EndGlobalSection
	GlobalSection(ProjectConfigurationPlatforms) = postSolution
		{843C1D79-78E3-4401-A9E3-299215CF6235}.Debug|Any CPU.ActiveCfg = Debug|Any CPU
		{843C1D79-78E3-4401-A9E3-299215CF6235}.Debug|Any CPU.Build.0 = Debug|Any CPU
		{843C1D79-78E3-4401-A9E3-299215CF6235}.Release|Any CPU.ActiveCfg = Release|Any CPU
		{843C1D79-78E3-4401-A9E3-299215CF6235}.Release|Any CPU.Build.0 = Release|Any CPU
		{3B864D62-C8E5-4F41-8C52-43CCACA8E22B}.Debug|Any CPU.ActiveCfg = Debug|Any CPU
		{3B864D62-C8E5-4F41-8C52-43CCACA8E22B}.Debug|Any CPU.Build.0 = Debug|Any CPU
		{3B864D62-C8E5-4F41-8C52-43CCACA8E22B}.Release|Any CPU.ActiveCfg = Release|Any CPU
		{3B864D62-C8E5-4F41-8C52-43CCACA8E22B}.Release|Any CPU.Build.0 = Release|Any CPU
	EndGlobalSection
	GlobalSection(SolutionProperties) = preSolution
		HideSolutionNode = FALSE
	EndGlobalSection
	GlobalSection(ExtensibilityGlobals) = postSolution
		SolutionGuid = {1B5BB1D3-3B61-4486-AA4B-F02F173CA912}
	EndGlobalSection
EndGlobal
